github.com/google/uuid v1.3.0 h1:t6JiXgmwXMjEs8VusXIJk2BXHsn+wx8BZdTaoZ5fu7I=
github.com/google/uuid v1.3.0/go.mod h1:TIyPZe4MgqvfeYDBFedMoGGpEw/LqOeaOT+nhxU+yHo=
students-manager v0.0.0-20220328204915-e2585eef634e h1:gJOSJ3EadMPM2eihPXamS91lLLkQlkL2pn0bKtLzd2w=
students-manager v0.0.0-20220328204915-e2585eef634e/go.mod h1:Ca5gl2fIYqTXU4uqBNSPVNpQ6m3WhlZPsdX1nXa7BwQ=
